
Microsoft Visual Studio Solution File, Format Version 12.00
# Visual Studio Version 17
VisualStudioVersion = 17.4.33205.214
MinimumVisualStudioVersion = 10.0.40219.1
Project("{9A19103F-16F7-4668-BE54-9A1E7A4F7556}") = "HotelReserseTask", "HotelReverseTask\HotelReserseTask.csproj", "{E117A469-F99D-4254-B062-06D80676AC91}"
EndProject
Project("{9A19103F-16F7-4668-BE54-9A1E7A4F7556}") = "Domain", "Domain\Domain.csproj", "{C02FA33D-29F5-4E68-ABBF-71C08BBEA34D}"
EndProject
Project("{FAE04EC0-301F-11D3-BF4B-00C04F79EFBC}") = "Infrastructure", "Infrastructure\Infrastructure.csproj", "{3A064647-E0B1-40D4-B093-CF0F07E32B8E}"
EndProject
Global
	GlobalSection(SolutionConfigurationPlatforms) = preSolution
		Debug|Any CPU = Debug|Any CPU
		Release|Any CPU = Release|Any CPU
	EndGlobalSection
	GlobalSection(ProjectConfigurationPlatforms) = postSolution
		{E117A469-F99D-4254-B062-06D80676AC91}.Debug|Any CPU.ActiveCfg = Debug|Any CPU
		{E117A469-F99D-4254-B062-06D80676AC91}.Debug|Any CPU.Build.0 = Debug|Any CPU
		{E117A469-F99D-4254-B062-06D80676AC91}.Release|Any CPU.ActiveCfg = Release|Any CPU
		{E117A469-F99D-4254-B062-06D80676AC91}.Release|Any CPU.Build.0 = Release|Any CPU
		{C02FA33D-29F5-4E68-ABBF-71C08BBEA34D}.Debug|Any CPU.ActiveCfg = Debug|Any CPU
		{C02FA33D-29F5-4E68-ABBF-71C08BBEA34D}.Debug|Any CPU.Build.0 = Debug|Any CPU
		{C02FA33D-29F5-4E68-ABBF-71C08BBEA34D}.Release|Any CPU.ActiveCfg = Release|Any CPU
		{C02FA33D-29F5-4E68-ABBF-71C08BBEA34D}.Release|Any CPU.Build.0 = Release|Any CPU
		{3A064647-E0B1-40D4-B093-CF0F07E32B8E}.Debug|Any CPU.ActiveCfg = Debug|Any CPU
		{3A064647-E0B1-40D4-B093-CF0F07E32B8E}.Debug|Any CPU.Build.0 = Debug|Any CPU
		{3A064647-E0B1-40D4-B093-CF0F07E32B8E}.Release|Any CPU.ActiveCfg = Release|Any CPU
		{3A064647-E0B1-40D4-B093-CF0F07E32B8E}.Release|Any CPU.Build.0 = Release|Any CPU
	EndGlobalSection
	GlobalSection(SolutionProperties) = preSolution
		HideSolutionNode = FALSE
	EndGlobalSection
	GlobalSection(ExtensibilityGlobals) = postSolution
		SolutionGuid = {F3222348-7ED1-4BA4-8518-DE1976A8ADB0}
	EndGlobalSection
EndGlobal
